
Microsoft Visual Studio Solution File, Format Version 12.00
# Visual Studio Version 16
VisualStudioVersion = 16.0.29215.179
MinimumVisualStudioVersion = 10.0.40219.1
Project("{FAE04EC0-301F-11D3-BF4B-00C04F79EFBC}") = "SoberandSound", "SoberandSound\SoberandSound.csproj", "{519AF623-DFD4-4BD5-90A3-05C2107A7D56}"
EndProject
Global
	GlobalSection(SolutionConfigurationPlatforms) = preSolution
		Debug|Any CPU = Debug|Any CPU
		Release|Any CPU = Release|Any CPU
	EndGlobalSection
	GlobalSection(ProjectConfigurationPlatforms) = postSolution
		{519AF623-DFD4-4BD5-90A3-05C2107A7D56}.Debug|Any CPU.ActiveCfg = Debug|Any CPU
		{519AF623-DFD4-4BD5-90A3-05C2107A7D56}.Debug|Any CPU.Build.0 = Debug|Any CPU
		{519AF623-DFD4-4BD5-90A3-05C2107A7D56}.Release|Any CPU.ActiveCfg = Release|Any CPU
		{519AF623-DFD4-4BD5-90A3-05C2107A7D56}.Release|Any CPU.Build.0 = Release|Any CPU
	EndGlobalSection
	GlobalSection(SolutionProperties) = preSolution
		HideSolutionNode = FALSE
	EndGlobalSection
	GlobalSection(ExtensibilityGlobals) = postSolution
		SolutionGuid = {E9DBB153-4EE9-4585-B57B-4EFE3CEF37B7}
	EndGlobalSection
EndGlobal
